
Microsoft Visual Studio Solution File, Format Version 12.00
# Visual Studio Version 16
VisualStudioVersion = 16.0.30523.141
MinimumVisualStudioVersion = 10.0.40219.1
Project("{FAE04EC0-301F-11D3-BF4B-00C04F79EFBC}") = "SpotifyAdblocker", "SpotifyAdblocker\SpotifyAdblocker.csproj", "{189C3DC5-63B5-4693-8AC7-1CEF98E4503F}"
EndProject
Global
	GlobalSection(SolutionConfigurationPlatforms) = preSolution
		Debug|Any CPU = Debug|Any CPU
		Release|Any CPU = Release|Any CPU
	EndGlobalSection
	GlobalSection(ProjectConfigurationPlatforms) = postSolution
		{189C3DC5-63B5-4693-8AC7-1CEF98E4503F}.Debug|Any CPU.ActiveCfg = Debug|Any CPU
		{189C3DC5-63B5-4693-8AC7-1CEF98E4503F}.Debug|Any CPU.Build.0 = Debug|Any CPU
		{189C3DC5-63B5-4693-8AC7-1CEF98E4503F}.Release|Any CPU.ActiveCfg = Release|Any CPU
		{189C3DC5-63B5-4693-8AC7-1CEF98E4503F}.Release|Any CPU.Build.0 = Release|Any CPU
	EndGlobalSection
	GlobalSection(SolutionProperties) = preSolution
		HideSolutionNode = FALSE
	EndGlobalSection
	GlobalSection(ExtensibilityGlobals) = postSolution
		SolutionGuid = {CD4581C3-1ED0-49C0-8284-E2151937379F}
	EndGlobalSection
EndGlobal
